
Microsoft Visual Studio Solution File, Format Version 12.00
# Visual Studio Version 17
VisualStudioVersion = 17.9.34622.214
MinimumVisualStudioVersion = 10.0.40219.1
Project("{FAE04EC0-301F-11D3-BF4B-00C04F79EFBC}") = "FewMoreConcepts1", "FewMoreConcepts1.csproj", "{CC32B1D3-2777-4FC3-A2C5-F58476DCC1B1}"
EndProject
Global
	GlobalSection(SolutionConfigurationPlatforms) = preSolution
		Debug|Any CPU = Debug|Any CPU
		Release|Any CPU = Release|Any CPU
	EndGlobalSection
	GlobalSection(ProjectConfigurationPlatforms) = postSolution
		{CC32B1D3-2777-4FC3-A2C5-F58476DCC1B1}.Debug|Any CPU.ActiveCfg = Debug|Any CPU
		{CC32B1D3-2777-4FC3-A2C5-F58476DCC1B1}.Debug|Any CPU.Build.0 = Debug|Any CPU
		{CC32B1D3-2777-4FC3-A2C5-F58476DCC1B1}.Release|Any CPU.ActiveCfg = Release|Any CPU
		{CC32B1D3-2777-4FC3-A2C5-F58476DCC1B1}.Release|Any CPU.Build.0 = Release|Any CPU
	EndGlobalSection
	GlobalSection(SolutionProperties) = preSolution
		HideSolutionNode = FALSE
	EndGlobalSection
	GlobalSection(ExtensibilityGlobals) = postSolution
		SolutionGuid = {D38CA73B-91E2-4207-8B1C-ABDA1BF0E148}
	EndGlobalSection
EndGlobal
